# THIS IS AN AUTOGENERATED FILE. DO NOT EDIT THIS FILE DIRECTLY.
# yarn lockfile v1


"@rollup/plugin-commonjs@^16.0.0":
  version "16.0.0"
  resolved "https://registry.npmjs.org/@rollup/plugin-commonjs/-/plugin-commonjs-16.0.0.tgz"
  dependencies:
    "@rollup/pluginutils" "^3.1.0"
    commondir "^1.0.1"
    estree-walker "^2.0.1"
    glob "^7.1.6"
    is-reference "^1.2.1"
    magic-string "^0.25.7"
    resolve "^1.17.0"

"@rollup/plugin-node-resolve@^10.0.0":
  version "10.0.0"
  resolved "https://registry.npmjs.org/@rollup/plugin-node-resolve/-/plugin-node-resolve-10.0.0.tgz"
  dependencies:
    "@rollup/pluginutils" "^3.1.0"
    "@types/resolve" "1.17.1"
    builtin-modules "^3.1.0"
    deepmerge "^4.2.2"
    is-module "^1.0.0"
    resolve "^1.17.0"

"@rollup/pluginutils@^3.1.0":
  version "3.1.0"
  resolved "https://registry.npmjs.org/@rollup/pluginutils/-/pluginutils-3.1.0.tgz"
  dependencies:
    "@types/estree" "0.0.39"
    estree-walker "^1.0.1"
    picomatch "^2.2.2"

"@types/estree@*", "@types/estree@0.0.39":
  version "0.0.39"
  resolved "https://registry.npmjs.org/@types/estree/-/estree-0.0.39.tgz"

"@types/node@*":
  version "14.14.9"
  resolved "https://registry.npmjs.org/@types/node/-/node-14.14.9.tgz"

"@types/resolve@1.17.1":
  version "1.17.1"
  resolved "https://registry.npmjs.org/@types/resolve/-/resolve-1.17.1.tgz"
  dependencies:
    "@types/node" "*"

balanced-match@^1.0.0:
  version "1.0.0"
  resolved "https://registry.npmjs.org/balanced-match/-/balanced-match-1.0.0.tgz"

brace-expansion@^1.1.7:
  version "1.1.11"
  resolved "https://registry.npmjs.org/brace-expansion/-/brace-expansion-1.1.11.tgz"
  dependencies:
    balanced-match "^1.0.0"
    concat-map "0.0.1"

browser-util-inspect@^0.2.0:
  version "0.2.0"
  resolved "https://registry.npmjs.org/browser-util-inspect/-/browser-util-inspect-0.2.0.tgz"

bufferutil@^4.0.2:
  version "4.0.2"
  resolved "https://registry.npmjs.org/bufferutil/-/bufferutil-4.0.2.tgz"
  dependencies:
    node-gyp-build "^4.2.0"

builtin-modules@^3.1.0:
  version "3.1.0"
  resolved "https://registry.npmjs.org/builtin-modules/-/builtin-modules-3.1.0.tgz"

commondir@^1.0.1:
  version "1.0.1"
  resolved "https://registry.npmjs.org/commondir/-/commondir-1.0.1.tgz"

concat-map@0.0.1:
  version "0.0.1"
  resolved "https://registry.npmjs.org/concat-map/-/concat-map-0.0.1.tgz"

deepmerge@^4.2.2:
  version "4.2.2"
  resolved "https://registry.npmjs.org/deepmerge/-/deepmerge-4.2.2.tgz"

estree-walker@^1.0.1:
  version "1.0.1"
  resolved "https://registry.npmjs.org/estree-walker/-/estree-walker-1.0.1.tgz"

estree-walker@^2.0.1:
  version "2.0.1"
  resolved "https://registry.npmjs.org/estree-walker/-/estree-walker-2.0.1.tgz"

fast-json-patch@^3.0.0-1:
  version "3.1.1"
  resolved "https://registry.yarnpkg.com/fast-json-patch/-/fast-json-patch-3.1.1.tgz#85064ea1b1ebf97a3f7ad01e23f9337e72c66947"

fs.realpath@^1.0.0:
  version "1.0.0"
  resolved "https://registry.npmjs.org/fs.realpath/-/fs.realpath-1.0.0.tgz"

fsevents@~2.1.2:
  version "2.1.3"
  resolved "https://registry.npmjs.org/fsevents/-/fsevents-2.1.3.tgz"

function-bind@^1.1.1:
  version "1.1.1"
  resolved "https://registry.npmjs.org/function-bind/-/function-bind-1.1.1.tgz"

glob@^7.1.6:
  version "7.1.6"
  resolved "https://registry.npmjs.org/glob/-/glob-7.1.6.tgz"
  dependencies:
    fs.realpath "^1.0.0"
    inflight "^1.0.4"
    inherits "2"
    minimatch "^3.0.4"
    once "^1.3.0"
    path-is-absolute "^1.0.0"

has@^1.0.3:
  version "1.0.3"
  resolved "https://registry.npmjs.org/has/-/has-1.0.3.tgz"
  dependencies:
    function-bind "^1.1.1"

inflight@^1.0.4:
  version "1.0.6"
  resolved "https://registry.npmjs.org/inflight/-/inflight-1.0.6.tgz"
  dependencies:
    once "^1.3.0"
    wrappy "1"

inherits@2:
  version "2.0.4"
  resolved "https://registry.npmjs.org/inherits/-/inherits-2.0.4.tgz"

is-core-module@^2.1.0:
  version "2.1.0"
  resolved "https://registry.npmjs.org/is-core-module/-/is-core-module-2.1.0.tgz"
  dependencies:
    has "^1.0.3"

is-module@^1.0.0:
  version "1.0.0"
  resolved "https://registry.npmjs.org/is-module/-/is-module-1.0.0.tgz"

is-reference@^1.2.1:
  version "1.2.1"
  resolved "https://registry.npmjs.org/is-reference/-/is-reference-1.2.1.tgz"
  dependencies:
    "@types/estree" "*"

kleur@^4.1.5:
  version "4.1.5"
  resolved "https://registry.npmjs.org/kleur/-/kleur-4.1.5.tgz"

magic-string@^0.25.7:
  version "0.25.7"
  resolved "https://registry.npmjs.org/magic-string/-/magic-string-0.25.7.tgz"
  dependencies:
    sourcemap-codec "^1.4.4"

minimatch@^3.0.4:
  version "3.0.4"
  resolved "https://registry.npmjs.org/minimatch/-/minimatch-3.0.4.tgz"
  dependencies:
    brace-expansion "^1.1.7"

node-gyp-build@^4.2.0:
  version "4.2.3"
  resolved "https://registry.npmjs.org/node-gyp-build/-/node-gyp-build-4.2.3.tgz"

once@^1.3.0:
  version "1.4.0"
  resolved "https://registry.npmjs.org/once/-/once-1.4.0.tgz"
  dependencies:
    wrappy "1"

path-is-absolute@^1.0.0:
  version "1.0.1"
  resolved "https://registry.npmjs.org/path-is-absolute/-/path-is-absolute-1.0.1.tgz"

path-parse@^1.0.6:
  version "1.0.6"
  resolved "https://registry.npmjs.org/path-parse/-/path-parse-1.0.6.tgz"

picomatch@^2.2.2:
  version "2.2.2"
  resolved "https://registry.npmjs.org/picomatch/-/picomatch-2.2.2.tgz"

quantum-generator@^1.9.1:
  version "1.9.3"
  resolved "https://registry.npmjs.org/quantum-generator/-/quantum-generator-1.9.3.tgz"

resolve@^1.17.0:
  version "1.19.0"
  resolved "https://registry.npmjs.org/resolve/-/resolve-1.19.0.tgz"
  dependencies:
    is-core-module "^2.1.0"
    path-parse "^1.0.6"

rollup@^2.33.3:
  version "2.33.3"
  resolved "https://registry.npmjs.org/rollup/-/rollup-2.33.3.tgz"
  optionalDependencies:
    fsevents "~2.1.2"

sourcemap-codec@^1.4.4:
  version "1.4.8"
  resolved "https://registry.npmjs.org/sourcemap-codec/-/sourcemap-codec-1.4.8.tgz"

tweetnacl-util@^0.15.1:
  version "0.15.1"
  resolved "https://registry.npmjs.org/tweetnacl-util/-/tweetnacl-util-0.15.1.tgz"

tweetnacl@^1.0.3:
  version "1.0.3"
  resolved "https://registry.npmjs.org/tweetnacl/-/tweetnacl-1.0.3.tgz"

utf-8-validate@^5.0.3:
  version "5.0.3"
  resolved "https://registry.npmjs.org/utf-8-validate/-/utf-8-validate-5.0.3.tgz"
  dependencies:
    node-gyp-build "^4.2.0"

wrappy@1:
  version "1.0.2"
  resolved "https://registry.npmjs.org/wrappy/-/wrappy-1.0.2.tgz"

ws@^7.4.5:
  version "7.4.5"
  resolved "https://registry.npmjs.org/ws/-/ws-7.4.5.tgz"
