{
  "name": "dmt-js",
  "version": "0.0.1",
  "lockfileVersion": 1,
  "requires": true,
  "dependencies": {
    "ansicolor": {
      "version": "1.1.93",
      "resolved": "https://registry.npmjs.org/ansicolor/-/ansicolor-1.1.93.tgz",
      "integrity": "sha512-4dhht0A3T3i+wshSm1kUnJySJnMfaV9Y4O27PcIVQkQR73ska32ddhxxJBIgs+ghvDOs5wpLthiA88VM9SyzPw=="
    },
    "fast-json-patch": {
      "version": "3.0.0-1",
      "resolved": "https://registry.npmjs.org/fast-json-patch/-/fast-json-patch-3.0.0-1.tgz",
      "integrity": "sha512-6pdFb07cknxvPzCeLsFHStEy+MysPJPgZQ9LbQ/2O67unQF93SNqfdSqnPPl71YMHX+AD8gbl7iuoGFzHEdDuw=="
    },
    "xstate": {
      "version": "4.9.1",
      "resolved": "https://registry.npmjs.org/xstate/-/xstate-4.9.1.tgz",
      "integrity": "sha512-cfNnRaBebnr1tvs0nHBUTyomfJx36+8MWwXceyNTZfjyELMM8nIoiBDcUzfKmpNlnAvs2ZPREos19cw6Zl4nng=="
    }
  }
}
