{
  "name": "dmt-js",
  "version": "0.0.1",
  "lockfileVersion": 1,
  "requires": true,
  "dependencies": {
    "ansicolor": {
      "version": "1.1.93",
      "resolved": "https://registry.npmjs.org/ansicolor/-/ansicolor-1.1.93.tgz",
      "integrity": "sha512-4dhht0A3T3i+wshSm1kUnJySJnMfaV9Y4O27PcIVQkQR73ska32ddhxxJBIgs+ghvDOs5wpLthiA88VM9SyzPw=="
    }
  }
}
