{
  "name": "dmt-frontend-components",
  "version": "1.0.0",
  "lockfileVersion": 2,
  "requires": true,
  "packages": {
    "": {
      "version": "1.0.0",
      "license": "MIT",
      "devDependencies": {
        "dmt-frontend-helpers": "file:~/.dmt/core/lib/dmt-frontend-helpers",
        "weblocaltime": "^0.0.16"
      }
    },
    "../dmt-frontend-helpers": {
      "version": "1.0.0",
      "dev": true,
      "license": "MIT"
    },
    "node_modules/dmt-frontend-helpers": {
      "resolved": "../dmt-frontend-helpers",
      "link": true
    },
    "node_modules/weblocaltime": {
      "version": "0.0.16",
      "resolved": "https://registry.npmjs.org/weblocaltime/-/weblocaltime-0.0.16.tgz",
      "integrity": "sha512-lBL5G6l3lcnqAJU87iGfSb5fBT5fZ3Txbo6wgMk7aMO3vNIsX0VU1No4gw05DqGvQQnxJAqdYjf/u/bFnGSUeA==",
      "dev": true
    }
  },
  "dependencies": {
    "dmt-frontend-helpers": {
      "version": "file:../dmt-frontend-helpers"
    },
    "weblocaltime": {
      "version": "0.0.16",
      "resolved": "https://registry.npmjs.org/weblocaltime/-/weblocaltime-0.0.16.tgz",
      "integrity": "sha512-lBL5G6l3lcnqAJU87iGfSb5fBT5fZ3Txbo6wgMk7aMO3vNIsX0VU1No4gw05DqGvQQnxJAqdYjf/u/bFnGSUeA==",
      "dev": true
    }
  }
}
