{
  "name": "dmt-frontend-helpers",
  "version": "1.0.0",
  "lockfileVersion": 2,
  "requires": true,
  "packages": {
    "": {
      "version": "1.0.0",
      "license": "MIT",
      "devDependencies": {
        "ansicolor": "^1.1.95"
      }
    },
    "node_modules/ansicolor": {
      "version": "1.1.95",
      "resolved": "https://registry.npmjs.org/ansicolor/-/ansicolor-1.1.95.tgz",
      "integrity": "sha512-R4yTmrfQZ2H9Wr5TZoM2iOz0+T6TNHqztpld7ZToaN8EaUj/06NG4r5UHQfegA9/+K/OY3E+WumprcglbcTMRA==",
      "dev": true
    }
  },
  "dependencies": {
    "ansicolor": {
      "version": "1.1.95",
      "resolved": "https://registry.npmjs.org/ansicolor/-/ansicolor-1.1.95.tgz",
      "integrity": "sha512-R4yTmrfQZ2H9Wr5TZoM2iOz0+T6TNHqztpld7ZToaN8EaUj/06NG4r5UHQfegA9/+K/OY3E+WumprcglbcTMRA==",
      "dev": true
    }
  }
}
